// !$*UTF8*$!
{
	archiveVersion = 1;
	classes = {
	};
	objectVersion = 77;
	objects = {

/* Begin PBXBuildFile section */
		F8F598ED2E00FD81003FD9FB /* AWSAPIPlugin in Frameworks */ = {isa = PBXBuildFile; productRef = F8F598EC2E00FD81003FD9FB /* AWSAPIPlugin */; };
		F8F598EF2E00FD81003FD9FB /* AWSCognitoAuthPlugin in Frameworks */ = {isa = PBXBuildFile; productRef = F8F598EE2E00FD81003FD9FB /* AWSCognitoAuthPlugin */; };
		F8F598F12E00FD81003FD9FB /* Amplify in Frameworks */ = {isa = PBXBuildFile; productRef = F8F598F02E00FD81003FD9FB /* Amplify */; };
		F8F598FC2E028E8C003FD9FB /* GoogleSignIn in Frameworks */ = {isa = PBXBuildFile; productRef = F8F598FB2E028E8C003FD9FB /* GoogleSignIn */; };
/* End PBXBuildFile section */

/* Begin PBXContainerItemProxy section */
		F83E03AC2DE8C9A800DB7B61 /* PBXContainerItemProxy */ = {
			isa = PBXContainerItemProxy;
			containerPortal = F83E03942DE8C9A700DB7B61 /* Project object */;
			proxyType = 1;
			remoteGlobalIDString = F83E039B2DE8C9A700DB7B61;
			remoteInfo = haumana;
		};
		F83E03B62DE8C9A800DB7B61 /* PBXContainerItemProxy */ = {
			isa = PBXContainerItemProxy;
			containerPortal = F83E03942DE8C9A700DB7B61 /* Project object */;
			proxyType = 1;
			remoteGlobalIDString = F83E039B2DE8C9A700DB7B61;
			remoteInfo = haumana;
		};
/* End PBXContainerItemProxy section */

/* Begin PBXFileReference section */
		F83E039C2DE8C9A700DB7B61 /* haumana.app */ = {isa = PBXFileReference; explicitFileType = wrapper.application; includeInIndex = 0; path = haumana.app; sourceTree = BUILT_PRODUCTS_DIR; };
		F83E03AB2DE8C9A800DB7B61 /* DataTests.xctest */ = {isa = PBXFileReference; explicitFileType = wrapper.cfbundle; includeInIndex = 0; path = DataTests.xctest; sourceTree = BUILT_PRODUCTS_DIR; };
		F83E03B52DE8C9A800DB7B61 /* UITests.xctest */ = {isa = PBXFileReference; explicitFileType = wrapper.cfbundle; includeInIndex = 0; path = UITests.xctest; sourceTree = BUILT_PRODUCTS_DIR; };
/* End PBXFileReference section */

/* Begin PBXFileSystemSynchronizedBuildFileExceptionSet section */
		F8F596F32DFA5FEE003FD9FB /* Exceptions for "Haumana" folder in "haumana" target */ = {
			isa = PBXFileSystemSynchronizedBuildFileExceptionSet;
			membershipExceptions = (
				Info.plist,
			);
			target = F83E039B2DE8C9A700DB7B61 /* haumana */;
		};
/* End PBXFileSystemSynchronizedBuildFileExceptionSet section */

/* Begin PBXFileSystemSynchronizedRootGroup section */
		F83E039E2DE8C9A700DB7B61 /* Haumana */ = {
			isa = PBXFileSystemSynchronizedRootGroup;
			exceptions = (
				F8F596F32DFA5FEE003FD9FB /* Exceptions for "Haumana" folder in "haumana" target */,
			);
			path = Haumana;
			sourceTree = "<group>";
		};
		F83E03AE2DE8C9A800DB7B61 /* DataTests */ = {
			isa = PBXFileSystemSynchronizedRootGroup;
			path = DataTests;
			sourceTree = "<group>";
		};
		F83E03B82DE8C9A800DB7B61 /* UITests */ = {
			isa = PBXFileSystemSynchronizedRootGroup;
			path = UITests;
			sourceTree = "<group>";
		};
/* End PBXFileSystemSynchronizedRootGroup section */

/* Begin PBXFrameworksBuildPhase section */
		F83E03992DE8C9A700DB7B61 /* Frameworks */ = {
			isa = PBXFrameworksBuildPhase;
			buildActionMask = 2147483647;
			files = (
				F8F598ED2E00FD81003FD9FB /* AWSAPIPlugin in Frameworks */,
				F8F598FC2E028E8C003FD9FB /* GoogleSignIn in Frameworks */,
				F8F598F12E00FD81003FD9FB /* Amplify in Frameworks */,
				F8F598EF2E00FD81003FD9FB /* AWSCognitoAuthPlugin in Frameworks */,
			);
			runOnlyForDeploymentPostprocessing = 0;
		};
		F83E03A82DE8C9A800DB7B61 /* Frameworks */ = {
			isa = PBXFrameworksBuildPhase;
			buildActionMask = 2147483647;
			files = (
			);
			runOnlyForDeploymentPostprocessing = 0;
		};
		F83E03B22DE8C9A800DB7B61 /* Frameworks */ = {
			isa = PBXFrameworksBuildPhase;
			buildActionMask = 2147483647;
			files = (
			);
			runOnlyForDeploymentPostprocessing = 0;
		};
/* End PBXFrameworksBuildPhase section */

/* Begin PBXGroup section */
		F83E03932DE8C9A700DB7B61 = {
			isa = PBXGroup;
			children = (
				F83E039E2DE8C9A700DB7B61 /* Haumana */,
				F83E03AE2DE8C9A800DB7B61 /* DataTests */,
				F83E03B82DE8C9A800DB7B61 /* UITests */,
				F83E039D2DE8C9A700DB7B61 /* Products */,
			);
			sourceTree = "<group>";
		};
		F83E039D2DE8C9A700DB7B61 /* Products */ = {
			isa = PBXGroup;
			children = (
				F83E039C2DE8C9A700DB7B61 /* haumana.app */,
				F83E03AB2DE8C9A800DB7B61 /* DataTests.xctest */,
				F83E03B52DE8C9A800DB7B61 /* UITests.xctest */,
			);
			name = Products;
			sourceTree = "<group>";
		};
/* End PBXGroup section */

/* Begin PBXNativeTarget section */
		F83E039B2DE8C9A700DB7B61 /* haumana */ = {
			isa = PBXNativeTarget;
			buildConfigurationList = F83E03BF2DE8C9A800DB7B61 /* Build configuration list for PBXNativeTarget "haumana" */;
			buildPhases = (
				F83E03982DE8C9A700DB7B61 /* Sources */,
				F83E03992DE8C9A700DB7B61 /* Frameworks */,
				F83E039A2DE8C9A700DB7B61 /* Resources */,
			);
			buildRules = (
			);
			dependencies = (
			);
			fileSystemSynchronizedGroups = (
				F83E039E2DE8C9A700DB7B61 /* Haumana */,
			);
			name = haumana;
			packageProductDependencies = (
				F8F598EC2E00FD81003FD9FB /* AWSAPIPlugin */,
				F8F598EE2E00FD81003FD9FB /* AWSCognitoAuthPlugin */,
				F8F598F02E00FD81003FD9FB /* Amplify */,
				F8F598FB2E028E8C003FD9FB /* GoogleSignIn */,
			);
			productName = haumana;
			productReference = F83E039C2DE8C9A700DB7B61 /* haumana.app */;
			productType = "com.apple.product-type.application";
		};
		F83E03AA2DE8C9A800DB7B61 /* DataTests */ = {
			isa = PBXNativeTarget;
			buildConfigurationList = F83E03C22DE8C9A800DB7B61 /* Build configuration list for PBXNativeTarget "DataTests" */;
			buildPhases = (
				F83E03A72DE8C9A800DB7B61 /* Sources */,
				F83E03A82DE8C9A800DB7B61 /* Frameworks */,
				F83E03A92DE8C9A800DB7B61 /* Resources */,
			);
			buildRules = (
			);
			dependencies = (
				F83E03AD2DE8C9A800DB7B61 /* PBXTargetDependency */,
			);
			fileSystemSynchronizedGroups = (
				F83E03AE2DE8C9A800DB7B61 /* DataTests */,
			);
			name = DataTests;
			packageProductDependencies = (
			);
			productName = DataTests;
			productReference = F83E03AB2DE8C9A800DB7B61 /* DataTests.xctest */;
			productType = "com.apple.product-type.bundle.unit-test";
		};
		F83E03B42DE8C9A800DB7B61 /* UITests */ = {
			isa = PBXNativeTarget;
			buildConfigurationList = F83E03C52DE8C9A800DB7B61 /* Build configuration list for PBXNativeTarget "UITests" */;
			buildPhases = (
				F83E03B12DE8C9A800DB7B61 /* Sources */,
				F83E03B22DE8C9A800DB7B61 /* Frameworks */,
				F83E03B32DE8C9A800DB7B61 /* Resources */,
			);
			buildRules = (
			);
			dependencies = (
				F83E03B72DE8C9A800DB7B61 /* PBXTargetDependency */,
			);
			fileSystemSynchronizedGroups = (
				F83E03B82DE8C9A800DB7B61 /* UITests */,
			);
			name = UITests;
			packageProductDependencies = (
			);
			productName = UITests;
			productReference = F83E03B52DE8C9A800DB7B61 /* UITests.xctest */;
			productType = "com.apple.product-type.bundle.ui-testing";
		};
/* End PBXNativeTarget section */

/* Begin PBXProject section */
		F83E03942DE8C9A700DB7B61 /* Project object */ = {
			isa = PBXProject;
			attributes = {
				BuildIndependentTargetsInParallel = 1;
				LastSwiftUpdateCheck = 1640;
				LastUpgradeCheck = 1640;
				TargetAttributes = {
					F83E039B2DE8C9A700DB7B61 = {
						CreatedOnToolsVersion = 16.4;
					};
					F83E03AA2DE8C9A800DB7B61 = {
						CreatedOnToolsVersion = 16.4;
						TestTargetID = F83E039B2DE8C9A700DB7B61;
					};
					F83E03B42DE8C9A800DB7B61 = {
						CreatedOnToolsVersion = 16.4;
						TestTargetID = F83E039B2DE8C9A700DB7B61;
					};
				};
			};
			buildConfigurationList = F83E03972DE8C9A700DB7B61 /* Build configuration list for PBXProject "Haumana" */;
			developmentRegion = en;
			hasScannedForEncodings = 0;
			knownRegions = (
				en,
				Base,
			);
			mainGroup = F83E03932DE8C9A700DB7B61;
			minimizedProjectReferenceProxies = 1;
			packageReferences = (
				F8F598EB2E00FD81003FD9FB /* XCRemoteSwiftPackageReference "amplify-swift" */,
				F8F598FA2E028E8C003FD9FB /* XCRemoteSwiftPackageReference "GoogleSignIn-iOS" */,
			);
			preferredProjectObjectVersion = 77;
			productRefGroup = F83E039D2DE8C9A700DB7B61 /* Products */;
			projectDirPath = "";
			projectRoot = "";
			targets = (
				F83E039B2DE8C9A700DB7B61 /* haumana */,
				F83E03AA2DE8C9A800DB7B61 /* DataTests */,
				F83E03B42DE8C9A800DB7B61 /* UITests */,
			);
		};
/* End PBXProject section */

/* Begin PBXResourcesBuildPhase section */
		F83E039A2DE8C9A700DB7B61 /* Resources */ = {
			isa = PBXResourcesBuildPhase;
			buildActionMask = 2147483647;
			files = (
			);
			runOnlyForDeploymentPostprocessing = 0;
		};
		F83E03A92DE8C9A800DB7B61 /* Resources */ = {
			isa = PBXResourcesBuildPhase;
			buildActionMask = 2147483647;
			files = (
			);
			runOnlyForDeploymentPostprocessing = 0;
		};
		F83E03B32DE8C9A800DB7B61 /* Resources */ = {
			isa = PBXResourcesBuildPhase;
			buildActionMask = 2147483647;
			files = (
			);
			runOnlyForDeploymentPostprocessing = 0;
		};
/* End PBXResourcesBuildPhase section */

/* Begin PBXSourcesBuildPhase section */
		F83E03982DE8C9A700DB7B61 /* Sources */ = {
			isa = PBXSourcesBuildPhase;
			buildActionMask = 2147483647;
			files = (
			);
			runOnlyForDeploymentPostprocessing = 0;
		};
		F83E03A72DE8C9A800DB7B61 /* Sources */ = {
			isa = PBXSourcesBuildPhase;
			buildActionMask = 2147483647;
			files = (
			);
			runOnlyForDeploymentPostprocessing = 0;
		};
		F83E03B12DE8C9A800DB7B61 /* Sources */ = {
			isa = PBXSourcesBuildPhase;
			buildActionMask = 2147483647;
			files = (
			);
			runOnlyForDeploymentPostprocessing = 0;
		};
/* End PBXSourcesBuildPhase section */

/* Begin PBXTargetDependency section */
		F83E03AD2DE8C9A800DB7B61 /* PBXTargetDependency */ = {
			isa = PBXTargetDependency;
			target = F83E039B2DE8C9A700DB7B61 /* haumana */;
			targetProxy = F83E03AC2DE8C9A800DB7B61 /* PBXContainerItemProxy */;
		};
		F83E03B72DE8C9A800DB7B61 /* PBXTargetDependency */ = {
			isa = PBXTargetDependency;
			target = F83E039B2DE8C9A700DB7B61 /* haumana */;
			targetProxy = F83E03B62DE8C9A800DB7B61 /* PBXContainerItemProxy */;
		};
/* End PBXTargetDependency section */

/* Begin XCBuildConfiguration section */
		F83E03BD2DE8C9A800DB7B61 /* Debug */ = {
			isa = XCBuildConfiguration;
			buildSettings = {
				ALWAYS_SEARCH_USER_PATHS = NO;
				ASSETCATALOG_COMPILER_GENERATE_SWIFT_ASSET_SYMBOL_EXTENSIONS = YES;
				CLANG_ANALYZER_NONNULL = YES;
				CLANG_ANALYZER_NUMBER_OBJECT_CONVERSION = YES_AGGRESSIVE;
				CLANG_CXX_LANGUAGE_STANDARD = "gnu++20";
				CLANG_ENABLE_MODULES = YES;
				CLANG_ENABLE_OBJC_ARC = YES;
				CLANG_ENABLE_OBJC_WEAK = YES;
				CLANG_WARN_BLOCK_CAPTURE_AUTORELEASING = YES;
				CLANG_WARN_BOOL_CONVERSION = YES;
				CLANG_WARN_COMMA = YES;
				CLANG_WARN_CONSTANT_CONVERSION = YES;
				CLANG_WARN_DEPRECATED_OBJC_IMPLEMENTATIONS = YES;
				CLANG_WARN_DIRECT_OBJC_ISA_USAGE = YES_ERROR;
				CLANG_WARN_DOCUMENTATION_COMMENTS = YES;
				CLANG_WARN_EMPTY_BODY = YES;
				CLANG_WARN_ENUM_CONVERSION = YES;
				CLANG_WARN_INFINITE_RECURSION = YES;
				CLANG_WARN_INT_CONVERSION = YES;
				CLANG_WARN_NON_LITERAL_NULL_CONVERSION = YES;
				CLANG_WARN_OBJC_IMPLICIT_RETAIN_SELF = YES;
				CLANG_WARN_OBJC_LITERAL_CONVERSION = YES;
				CLANG_WARN_OBJC_ROOT_CLASS = YES_ERROR;
				CLANG_WARN_QUOTED_INCLUDE_IN_FRAMEWORK_HEADER = YES;
				CLANG_WARN_RANGE_LOOP_ANALYSIS = YES;
				CLANG_WARN_STRICT_PROTOTYPES = YES;
				CLANG_WARN_SUSPICIOUS_MOVE = YES;
				CLANG_WARN_UNGUARDED_AVAILABILITY = YES_AGGRESSIVE;
				CLANG_WARN_UNREACHABLE_CODE = YES;
				CLANG_WARN__DUPLICATE_METHOD_MATCH = YES;
				COPY_PHASE_STRIP = NO;
				DEBUG_INFORMATION_FORMAT = dwarf;
				ENABLE_STRICT_OBJC_MSGSEND = YES;
				ENABLE_TESTABILITY = YES;
				ENABLE_USER_SCRIPT_SANDBOXING = YES;
				GCC_C_LANGUAGE_STANDARD = gnu17;
				GCC_DYNAMIC_NO_PIC = NO;
				GCC_NO_COMMON_BLOCKS = YES;
				GCC_OPTIMIZATION_LEVEL = 0;
				GCC_PREPROCESSOR_DEFINITIONS = (
					"DEBUG=1",
					"$(inherited)",
				);
				GCC_WARN_64_TO_32_BIT_CONVERSION = YES;
				GCC_WARN_ABOUT_RETURN_TYPE = YES_ERROR;
				GCC_WARN_UNDECLARED_SELECTOR = YES;
				GCC_WARN_UNINITIALIZED_AUTOS = YES_AGGRESSIVE;
				GCC_WARN_UNUSED_FUNCTION = YES;
				GCC_WARN_UNUSED_VARIABLE = YES;
				IPHONEOS_DEPLOYMENT_TARGET = 17.0;
				LOCALIZATION_PREFERS_STRING_CATALOGS = YES;
				MTL_ENABLE_DEBUG_INFO = INCLUDE_SOURCE;
				MTL_FAST_MATH = YES;
				ONLY_ACTIVE_ARCH = YES;
				SDKROOT = iphoneos;
				SWIFT_ACTIVE_COMPILATION_CONDITIONS = "DEBUG $(inherited)";
				SWIFT_OPTIMIZATION_LEVEL = "-Onone";
			};
			name = Debug;
		};
		F83E03BE2DE8C9A800DB7B61 /* Release */ = {
			isa = XCBuildConfiguration;
			buildSettings = {
				ALWAYS_SEARCH_USER_PATHS = NO;
				ASSETCATALOG_COMPILER_GENERATE_SWIFT_ASSET_SYMBOL_EXTENSIONS = YES;
				CLANG_ANALYZER_NONNULL = YES;
				CLANG_ANALYZER_NUMBER_OBJECT_CONVERSION = YES_AGGRESSIVE;
				CLANG_CXX_LANGUAGE_STANDARD = "gnu++20";
				CLANG_ENABLE_MODULES = YES;
				CLANG_ENABLE_OBJC_ARC = YES;
				CLANG_ENABLE_OBJC_WEAK = YES;
				CLANG_WARN_BLOCK_CAPTURE_AUTORELEASING = YES;
				CLANG_WARN_BOOL_CONVERSION = YES;
				CLANG_WARN_COMMA = YES;
				CLANG_WARN_CONSTANT_CONVERSION = YES;
				CLANG_WARN_DEPRECATED_OBJC_IMPLEMENTATIONS = YES;
				CLANG_WARN_DIRECT_OBJC_ISA_USAGE = YES_ERROR;
				CLANG_WARN_DOCUMENTATION_COMMENTS = YES;
				CLANG_WARN_EMPTY_BODY = YES;
				CLANG_WARN_ENUM_CONVERSION = YES;
				CLANG_WARN_INFINITE_RECURSION = YES;
				CLANG_WARN_INT_CONVERSION = YES;
				CLANG_WARN_NON_LITERAL_NULL_CONVERSION = YES;
				CLANG_WARN_OBJC_IMPLICIT_RETAIN_SELF = YES;
				CLANG_WARN_OBJC_LITERAL_CONVERSION = YES;
				CLANG_WARN_OBJC_ROOT_CLASS = YES_ERROR;
				CLANG_WARN_QUOTED_INCLUDE_IN_FRAMEWORK_HEADER = YES;
				CLANG_WARN_RANGE_LOOP_ANALYSIS = YES;
				CLANG_WARN_STRICT_PROTOTYPES = YES;
				CLANG_WARN_SUSPICIOUS_MOVE = YES;
				CLANG_WARN_UNGUARDED_AVAILABILITY = YES_AGGRESSIVE;
				CLANG_WARN_UNREACHABLE_CODE = YES;
				CLANG_WARN__DUPLICATE_METHOD_MATCH = YES;
				COPY_PHASE_STRIP = NO;
				DEBUG_INFORMATION_FORMAT = "dwarf-with-dsym";
				ENABLE_NS_ASSERTIONS = NO;
				ENABLE_STRICT_OBJC_MSGSEND = YES;
				ENABLE_USER_SCRIPT_SANDBOXING = YES;
				GCC_C_LANGUAGE_STANDARD = gnu17;
				GCC_NO_COMMON_BLOCKS = YES;
				GCC_WARN_64_TO_32_BIT_CONVERSION = YES;
				GCC_WARN_ABOUT_RETURN_TYPE = YES_ERROR;
				GCC_WARN_UNDECLARED_SELECTOR = YES;
				GCC_WARN_UNINITIALIZED_AUTOS = YES_AGGRESSIVE;
				GCC_WARN_UNUSED_FUNCTION = YES;
				GCC_WARN_UNUSED_VARIABLE = YES;
				IPHONEOS_DEPLOYMENT_TARGET = 17.0;
				LOCALIZATION_PREFERS_STRING_CATALOGS = YES;
				MTL_ENABLE_DEBUG_INFO = NO;
				MTL_FAST_MATH = YES;
				SDKROOT = iphoneos;
				SWIFT_COMPILATION_MODE = wholemodule;
				VALIDATE_PRODUCT = YES;
			};
			name = Release;
		};
		F83E03C02DE8C9A800DB7B61 /* Debug */ = {
			isa = XCBuildConfiguration;
			buildSettings = {
				ASSETCATALOG_COMPILER_APPICON_NAME = AppIcon;
				ASSETCATALOG_COMPILER_GLOBAL_ACCENT_COLOR_NAME = AccentColor;
				CODE_SIGN_STYLE = Automatic;
				CURRENT_PROJECT_VERSION = 1;
				DEVELOPMENT_TEAM = GCZUVZ47D2;
				ENABLE_PREVIEWS = YES;
				GENERATE_INFOPLIST_FILE = YES;
				INFOPLIST_FILE = Haumana/Info.plist;
				INFOPLIST_KEY_CFBundleDisplayName = Haumana;
				INFOPLIST_KEY_UIApplicationSceneManifest_Generation = YES;
				INFOPLIST_KEY_UIApplicationSupportsIndirectInputEvents = YES;
				INFOPLIST_KEY_UILaunchScreen_Generation = YES;
				INFOPLIST_KEY_UISupportedInterfaceOrientations_iPad = "UIInterfaceOrientationPortrait UIInterfaceOrientationPortraitUpsideDown UIInterfaceOrientationLandscapeLeft UIInterfaceOrientationLandscapeRight";
				INFOPLIST_KEY_UISupportedInterfaceOrientations_iPhone = "UIInterfaceOrientationPortrait UIInterfaceOrientationLandscapeLeft UIInterfaceOrientationLandscapeRight";
				LD_RUNPATH_SEARCH_PATHS = (
					"$(inherited)",
					"@executable_path/Frameworks",
				);
				MARKETING_VERSION = 0.4.0;
				PRODUCT_BUNDLE_IDENTIFIER = app.haumana;
				PRODUCT_NAME = "$(TARGET_NAME)";
				SWIFT_EMIT_LOC_STRINGS = YES;
				SWIFT_VERSION = 5.0;
				TARGETED_DEVICE_FAMILY = "1,2";
			};
			name = Debug;
		};
		F83E03C12DE8C9A800DB7B61 /* Release */ = {
			isa = XCBuildConfiguration;
			buildSettings = {
				ASSETCATALOG_COMPILER_APPICON_NAME = AppIcon;
				ASSETCATALOG_COMPILER_GLOBAL_ACCENT_COLOR_NAME = AccentColor;
				CODE_SIGN_STYLE = Automatic;
				CURRENT_PROJECT_VERSION = 1;
				DEVELOPMENT_TEAM = GCZUVZ47D2;
				ENABLE_PREVIEWS = YES;
				GENERATE_INFOPLIST_FILE = YES;
				INFOPLIST_FILE = Haumana/Info.plist;
				INFOPLIST_KEY_CFBundleDisplayName = Haumana;
				INFOPLIST_KEY_UIApplicationSceneManifest_Generation = YES;
				INFOPLIST_KEY_UIApplicationSupportsIndirectInputEvents = YES;
				INFOPLIST_KEY_UILaunchScreen_Generation = YES;
				INFOPLIST_KEY_UISupportedInterfaceOrientations_iPad = "UIInterfaceOrientationPortrait UIInterfaceOrientationPortraitUpsideDown UIInterfaceOrientationLandscapeLeft UIInterfaceOrientationLandscapeRight";
				INFOPLIST_KEY_UISupportedInterfaceOrientations_iPhone = "UIInterfaceOrientationPortrait UIInterfaceOrientationLandscapeLeft UIInterfaceOrientationLandscapeRight";
				LD_RUNPATH_SEARCH_PATHS = (
					"$(inherited)",
					"@executable_path/Frameworks",
				);
				MARKETING_VERSION = 1.0;
				PRODUCT_BUNDLE_IDENTIFIER = app.haumana;
				PRODUCT_NAME = "$(TARGET_NAME)";
				SWIFT_EMIT_LOC_STRINGS = YES;
				SWIFT_VERSION = 5.0;
				TARGETED_DEVICE_FAMILY = "1,2";
			};
			name = Release;
		};
		F83E03C32DE8C9A800DB7B61 /* Debug */ = {
			isa = XCBuildConfiguration;
			buildSettings = {
				BUNDLE_LOADER = "$(TEST_HOST)";
				CODE_SIGN_STYLE = Automatic;
				CURRENT_PROJECT_VERSION = 1;
				GENERATE_INFOPLIST_FILE = YES;
				IPHONEOS_DEPLOYMENT_TARGET = 17.0;
				MARKETING_VERSION = 1.0;
				PRODUCT_BUNDLE_IDENTIFIER = app.haumana.DataTests;
				PRODUCT_NAME = "$(TARGET_NAME)";
				SWIFT_EMIT_LOC_STRINGS = NO;
				SWIFT_VERSION = 5.0;
				TARGETED_DEVICE_FAMILY = "1,2";
				TEST_HOST = "$(BUILT_PRODUCTS_DIR)/haumana.app/$(BUNDLE_EXECUTABLE_FOLDER_PATH)/haumana";
			};
			name = Debug;
		};
		F83E03C42DE8C9A800DB7B61 /* Release */ = {
			isa = XCBuildConfiguration;
			buildSettings = {
				BUNDLE_LOADER = "$(TEST_HOST)";
				CODE_SIGN_STYLE = Automatic;
				CURRENT_PROJECT_VERSION = 1;
				GENERATE_INFOPLIST_FILE = YES;
				IPHONEOS_DEPLOYMENT_TARGET = 17.0;
				MARKETING_VERSION = 1.0;
				PRODUCT_BUNDLE_IDENTIFIER = dev.dherman.DataTests;
				PRODUCT_NAME = "$(TARGET_NAME)";
				SWIFT_EMIT_LOC_STRINGS = NO;
				SWIFT_VERSION = 5.0;
				TARGETED_DEVICE_FAMILY = "1,2";
				TEST_HOST = "$(BUILT_PRODUCTS_DIR)/haumana.app/$(BUNDLE_EXECUTABLE_FOLDER_PATH)/haumana";
			};
			name = Release;
		};
		F83E03C62DE8C9A800DB7B61 /* Debug */ = {
			isa = XCBuildConfiguration;
			buildSettings = {
				CODE_SIGN_STYLE = Automatic;
				CURRENT_PROJECT_VERSION = 1;
				GENERATE_INFOPLIST_FILE = YES;
				MARKETING_VERSION = 1.0;
				PRODUCT_BUNDLE_IDENTIFIER = app.haumana.UITests;
				PRODUCT_NAME = "$(TARGET_NAME)";
				SWIFT_EMIT_LOC_STRINGS = NO;
				SWIFT_VERSION = 5.0;
				TARGETED_DEVICE_FAMILY = "1,2";
				TEST_TARGET_NAME = haumana;
			};
			name = Debug;
		};
		F83E03C72DE8C9A800DB7B61 /* Release */ = {
			isa = XCBuildConfiguration;
			buildSettings = {
				CODE_SIGN_STYLE = Automatic;
				CURRENT_PROJECT_VERSION = 1;
				GENERATE_INFOPLIST_FILE = YES;
				MARKETING_VERSION = 1.0;
				PRODUCT_BUNDLE_IDENTIFIER = dev.dherman.UITests;
				PRODUCT_NAME = "$(TARGET_NAME)";
				SWIFT_EMIT_LOC_STRINGS = NO;
				SWIFT_VERSION = 5.0;
				TARGETED_DEVICE_FAMILY = "1,2";
				TEST_TARGET_NAME = haumana;
			};
			name = Release;
		};
/* End XCBuildConfiguration section */

/* Begin XCConfigurationList section */
		F83E03972DE8C9A700DB7B61 /* Build configuration list for PBXProject "Haumana" */ = {
			isa = XCConfigurationList;
			buildConfigurations = (
				F83E03BD2DE8C9A800DB7B61 /* Debug */,
				F83E03BE2DE8C9A800DB7B61 /* Release */,
			);
			defaultConfigurationIsVisible = 0;
			defaultConfigurationName = Release;
		};
		F83E03BF2DE8C9A800DB7B61 /* Build configuration list for PBXNativeTarget "haumana" */ = {
			isa = XCConfigurationList;
			buildConfigurations = (
				F83E03C02DE8C9A800DB7B61 /* Debug */,
				F83E03C12DE8C9A800DB7B61 /* Release */,
			);
			defaultConfigurationIsVisible = 0;
			defaultConfigurationName = Release;
		};
		F83E03C22DE8C9A800DB7B61 /* Build configuration list for PBXNativeTarget "DataTests" */ = {
			isa = XCConfigurationList;
			buildConfigurations = (
				F83E03C32DE8C9A800DB7B61 /* Debug */,
				F83E03C42DE8C9A800DB7B61 /* Release */,
			);
			defaultConfigurationIsVisible = 0;
			defaultConfigurationName = Release;
		};
		F83E03C52DE8C9A800DB7B61 /* Build configuration list for PBXNativeTarget "UITests" */ = {
			isa = XCConfigurationList;
			buildConfigurations = (
				F83E03C62DE8C9A800DB7B61 /* Debug */,
				F83E03C72DE8C9A800DB7B61 /* Release */,
			);
			defaultConfigurationIsVisible = 0;
			defaultConfigurationName = Release;
		};
/* End XCConfigurationList section */

/* Begin XCRemoteSwiftPackageReference section */
		F8F598EB2E00FD81003FD9FB /* XCRemoteSwiftPackageReference "amplify-swift" */ = {
			isa = XCRemoteSwiftPackageReference;
			repositoryURL = "https://github.com/aws-amplify/amplify-swift";
			requirement = {
				kind = upToNextMajorVersion;
				minimumVersion = 2.48.1;
			};
		};
		F8F598FA2E028E8C003FD9FB /* XCRemoteSwiftPackageReference "GoogleSignIn-iOS" */ = {
			isa = XCRemoteSwiftPackageReference;
			repositoryURL = "https://github.com/google/GoogleSignIn-iOS";
			requirement = {
				kind = upToNextMajorVersion;
				minimumVersion = 8.0.0;
			};
		};
/* End XCRemoteSwiftPackageReference section */

/* Begin XCSwiftPackageProductDependency section */
		F8F598EC2E00FD81003FD9FB /* AWSAPIPlugin */ = {
			isa = XCSwiftPackageProductDependency;
			package = F8F598EB2E00FD81003FD9FB /* XCRemoteSwiftPackageReference "amplify-swift" */;
			productName = AWSAPIPlugin;
		};
		F8F598EE2E00FD81003FD9FB /* AWSCognitoAuthPlugin */ = {
			isa = XCSwiftPackageProductDependency;
			package = F8F598EB2E00FD81003FD9FB /* XCRemoteSwiftPackageReference "amplify-swift" */;
			productName = AWSCognitoAuthPlugin;
		};
		F8F598F02E00FD81003FD9FB /* Amplify */ = {
			isa = XCSwiftPackageProductDependency;
			package = F8F598EB2E00FD81003FD9FB /* XCRemoteSwiftPackageReference "amplify-swift" */;
			productName = Amplify;
		};
		F8F598FB2E028E8C003FD9FB /* GoogleSignIn */ = {
			isa = XCSwiftPackageProductDependency;
			package = F8F598FA2E028E8C003FD9FB /* XCRemoteSwiftPackageReference "GoogleSignIn-iOS" */;
			productName = GoogleSignIn;
		};
/* End XCSwiftPackageProductDependency section */
	};
	rootObject = F83E03942DE8C9A700DB7B61 /* Project object */;
}
